{
  "version": 4,
  "terraform_version": "1.6.6",
  "serial": 80,
  "lineage": "02d8df8b-3645-18b0-113c-44afafe852d7",
  "outputs": {
    "list_output": {
      "value": [
        "nandini",
        "kaushik"
      ],
      "type": [
        "list",
        "string"
      ]
    },
    "map_output": {
      "value": {
        "key1": "mallika ",
        "key3": "Archita"
      },
      "type": [
        "map",
        "string"
      ]
    },
    "number_output": {
      "value": 12345,
      "type": "number"
    },
    "object_output": {
      "value": {
        "address": "gurugram",
        "age": 21,
        "name": "nandini kaushik"
      },
      "type": [
        "object",
        {
          "address": "string",
          "age": "number",
          "name": "string"
        }
      ]
    },
    "random_id": {
      "value": "iuUDgJbIpGA",
      "type": "string"
    },
    "string_output": {
      "value": "Hello everyone!",
      "type": "string"
    }
  },
  "resources": [
    {
      "mode": "managed",
      "type": "local_file",
      "name": "file1",
      "provider": "provider[\"registry.terraform.io/hashicorp/local\"]",
      "instances": [
        {
          "schema_version": 0,
          "attributes": {
            "content": "Hello everyone!",
            "content_base64": null,
            "content_base64sha256": "IVGtzlsFVAKx0DplDlmT49TEuZKHon0AigNDr53VppE=",
            "content_base64sha512": "++SEmqrZ9robyrkVAOUiSAnQFdc+Ln45xLWdkjGa71cwnD233nzDdaROTTP/x98VLKlx94XR2GXY8TVaKiVvVg==",
            "content_md5": "4d184ec6e8fe61abccb8ff62c4583cd0",
            "content_sha1": "e21e8014429100859fb05ad80348f04b88c93f79",
            "content_sha256": "2151adce5b055402b1d03a650e5993e3d4c4b99287a27d008a0343af9dd5a691",
            "content_sha512": "fbe4849aaad9f6ba1bcab91500e5224809d015d73e2e7e39c4b59d92319aef57309c3db7de7cc375a44e4d33ffc7df152ca971f785d1d865d8f1355a2a256f56",
            "directory_permission": "0777",
            "file_permission": "0777",
            "filename": "./dir1/string",
            "id": "e21e8014429100859fb05ad80348f04b88c93f79",
            "sensitive_content": null,
            "source": null
          },
          "sensitive_attributes": []
        }
      ]
    },
    {
      "mode": "managed",
      "type": "local_file",
      "name": "file2",
      "provider": "provider[\"registry.terraform.io/hashicorp/local\"]",
      "instances": [
        {
          "schema_version": 0,
          "attributes": {
            "content": "12345",
            "content_base64": null,
            "content_base64sha256": "WZRHGrsBESr8wYFZ9sx0tPURuZgG2lmzyvWpwXPKz8U=",
            "content_base64sha512": "NieQminDE4Ggcewn98nKl3Jhgq7Smn3dLlQ1MyLPswq7njpt8qwsIP4jQ2MR1nhWTQyNMFkwV19g4tPQSBhNeQ==",
            "content_md5": "827ccb0eea8a706c4c34a16891f84e7b",
            "content_sha1": "8cb2237d0679ca88db6464eac60da96345513964",
            "content_sha256": "5994471abb01112afcc18159f6cc74b4f511b99806da59b3caf5a9c173cacfc5",
            "content_sha512": "3627909a29c31381a071ec27f7c9ca97726182aed29a7ddd2e54353322cfb30abb9e3a6df2ac2c20fe23436311d678564d0c8d305930575f60e2d3d048184d79",
            "directory_permission": "0777",
            "file_permission": "0777",
            "filename": "./dir1/number",
            "id": "8cb2237d0679ca88db6464eac60da96345513964",
            "sensitive_content": null,
            "source": null
          },
          "sensitive_attributes": []
        }
      ]
    },
    {
      "mode": "managed",
      "type": "local_file",
      "name": "file3",
      "provider": "provider[\"registry.terraform.io/hashicorp/local\"]",
      "instances": [
        {
          "schema_version": 0,
          "attributes": {
            "content": "nandini",
            "content_base64": null,
            "content_base64sha256": "RjP4EiGWTzL1j3zJrsM5uPONWei7Tvq4ksCqlZns8VI=",
            "content_base64sha512": "aMFYkK75vl5Q+pyVWTHV9XjNdEzfUwu3w3YSJGmiTi5peCQZlMxd6HcSYpebYSOvBTCtXpIiim0Cf8ylRVhUTQ==",
            "content_md5": "48dd344493874130fba108ffa4c8d145",
            "content_sha1": "f79abd2a83c9eb61e987c3e9ae6b2e8b520415d5",
            "content_sha256": "4633f81221964f32f58f7cc9aec339b8f38d59e8bb4efab892c0aa9599ecf152",
            "content_sha512": "68c15890aef9be5e50fa9c955931d5f578cd744cdf530bb7c376122469a24e2e6978241994cc5de8771262979b6123af0530ad5e92228a6d027fcca54558544d",
            "directory_permission": "0777",
            "file_permission": "0777",
            "filename": "./dir2/list",
            "id": "f79abd2a83c9eb61e987c3e9ae6b2e8b520415d5",
            "sensitive_content": null,
            "source": null
          },
          "sensitive_attributes": []
        }
      ]
    },
    {
      "mode": "managed",
      "type": "local_file",
      "name": "file4",
      "provider": "provider[\"registry.terraform.io/hashicorp/local\"]",
      "instances": [
        {
          "schema_version": 0,
          "attributes": {
            "content": "Archita",
            "content_base64": null,
            "content_base64sha256": "1emCocgKxy8U1wT+VpwueudpaUVEJdQb2P9vBja+sZI=",
            "content_base64sha512": "pNLpngu/U0Ecp12Uagl4FLv2MrSnz5IiKP2bkg7zj+BHGIDLtRgZb1uFDhXCZoTgVHTcuTFO8s7bLXQ+GukKpg==",
            "content_md5": "3e9123305640043612f8f5de7328f71a",
            "content_sha1": "6f173bd699a11774292deaf2262a9e2cbe94acf2",
            "content_sha256": "d5e982a1c80ac72f14d704fe569c2e7ae76969454425d41bd8ff6f0636beb192",
            "content_sha512": "a4d2e99e0bbf53411ca75d946a097814bbf632b4a7cf922228fd9b920ef38fe0471880cbb518196f5b850e15c26684e05474dcb9314ef2cedb2d743e1ae90aa6",
            "directory_permission": "0777",
            "file_permission": "0777",
            "filename": "./dir2/map",
            "id": "6f173bd699a11774292deaf2262a9e2cbe94acf2",
            "sensitive_content": null,
            "source": null
          },
          "sensitive_attributes": []
        }
      ]
    },
    {
      "mode": "managed",
      "type": "local_file",
      "name": "file5",
      "provider": "provider[\"registry.terraform.io/hashicorp/local\"]",
      "instances": [
        {
          "schema_version": 0,
          "attributes": {
            "content": "nandini kaushik",
            "content_base64": null,
            "content_base64sha256": "DBlMd3cMdciEbVRynw2U2xpDs4BwYxwVBMCGw4Q1BJ4=",
            "content_base64sha512": "oB7Cho5rm9+IVsZjydsCtxQrFpwfkDyHYS6r6QRlkNUSpDbOfokXdayVgUUUEz0I/zNxQ5GrVlHyf6Q941rOtA==",
            "content_md5": "88e4394b3511219b3e9272a72d60e9a2",
            "content_sha1": "1b91b1d8acfbc958b274606cf3d3f041859f9600",
            "content_sha256": "0c194c77770c75c8846d54729f0d94db1a43b38070631c1504c086c38435049e",
            "content_sha512": "a01ec2868e6b9bdf8856c663c9db02b7142b169c1f903c87612eabe9046590d512a436ce7e891775ac95814514133d08ff33714391ab5651f27fa43de35aceb4",
            "directory_permission": "0777",
            "file_permission": "0777",
            "filename": "./dir3/object",
            "id": "1b91b1d8acfbc958b274606cf3d3f041859f9600",
            "sensitive_content": null,
            "source": null
          },
          "sensitive_attributes": []
        }
      ]
    },
    {
      "mode": "managed",
      "type": "random_id",
      "name": "server",
      "provider": "provider[\"registry.terraform.io/hashicorp/random\"]",
      "instances": [
        {
          "schema_version": 0,
          "attributes": {
            "b64_std": "iuUDgJbIpGA=",
            "b64_url": "iuUDgJbIpGA",
            "byte_length": 8,
            "dec": "10008409597721224288",
            "hex": "8ae5038096c8a460",
            "id": "iuUDgJbIpGA",
            "keepers": {
              "ami_id": "pew"
            },
            "prefix": null
          },
          "sensitive_attributes": []
        }
      ]
    }
  ],
  "check_results": null
}
